
Microsoft Visual Studio Solution File, Format Version 12.00
# Visual Studio Version 17
VisualStudioVersion = 17.11.35222.181
MinimumVisualStudioVersion = 10.0.40219.1
Project("{FAE04EC0-301F-11D3-BF4B-00C04F79EFBC}") = "DemoFebruar", "DemoFebruar\DemoFebruar.csproj", "{2FC652EE-762A-4761-84C6-BA675E6EEEC7}"
EndProject
Global
	GlobalSection(SolutionConfigurationPlatforms) = preSolution
		Debug|Any CPU = Debug|Any CPU
		Release|Any CPU = Release|Any CPU
	EndGlobalSection
	GlobalSection(ProjectConfigurationPlatforms) = postSolution
		{2FC652EE-762A-4761-84C6-BA675E6EEEC7}.Debug|Any CPU.ActiveCfg = Debug|Any CPU
		{2FC652EE-762A-4761-84C6-BA675E6EEEC7}.Debug|Any CPU.Build.0 = Debug|Any CPU
		{2FC652EE-762A-4761-84C6-BA675E6EEEC7}.Release|Any CPU.ActiveCfg = Release|Any CPU
		{2FC652EE-762A-4761-84C6-BA675E6EEEC7}.Release|Any CPU.Build.0 = Release|Any CPU
	EndGlobalSection
	GlobalSection(SolutionProperties) = preSolution
		HideSolutionNode = FALSE
	EndGlobalSection
	GlobalSection(ExtensibilityGlobals) = postSolution
		SolutionGuid = {EE797DE4-0BFB-4246-93AE-1DF7EDB367E9}
	EndGlobalSection
EndGlobal
